
Microsoft Visual Studio Solution File, Format Version 12.00
# Visual Studio Version 16
VisualStudioVersion = 16.0.30320.27
MinimumVisualStudioVersion = 10.0.40219.1
Project("{9092AA53-FB77-4645-B42D-1CCCA6BD08BD}") = "ArquitecturaWebBack", "ArquitecturaWebBack.njsproj", "{8AA2813A-3297-4B8F-8330-B81D2E0AD3DC}"
EndProject
Global
	GlobalSection(SolutionConfigurationPlatforms) = preSolution
		Debug|Any CPU = Debug|Any CPU
		Release|Any CPU = Release|Any CPU
	EndGlobalSection
	GlobalSection(ProjectConfigurationPlatforms) = postSolution
		{8AA2813A-3297-4B8F-8330-B81D2E0AD3DC}.Debug|Any CPU.ActiveCfg = Debug|Any CPU
		{8AA2813A-3297-4B8F-8330-B81D2E0AD3DC}.Debug|Any CPU.Build.0 = Debug|Any CPU
		{8AA2813A-3297-4B8F-8330-B81D2E0AD3DC}.Release|Any CPU.ActiveCfg = Release|Any CPU
		{8AA2813A-3297-4B8F-8330-B81D2E0AD3DC}.Release|Any CPU.Build.0 = Release|Any CPU
	EndGlobalSection
	GlobalSection(SolutionProperties) = preSolution
		HideSolutionNode = FALSE
	EndGlobalSection
	GlobalSection(ExtensibilityGlobals) = postSolution
		SolutionGuid = {12AE2ACA-7801-4C88-B62C-8261DA92C80D}
	EndGlobalSection
EndGlobal
